#MicroXplorer Configuration settings - do not modify
Mcu.Family=STM32L0
Dma.SPI2_TX.4.MemInc=DMA_MINC_ENABLE
ProjectManager.MainLocation=Core/Src
Dma.TIM2_CH1.0.MemInc=DMA_MINC_ENABLE
Dma.TIM2_CH4.2.MemDataAlignment=DMA_MDATAALIGN_BYTE
RCC.USART1Freq_Value=32000000
TIM2.OCFastMode_PWM-PWM\ Generation1\ CH1=TIM_OCFAST_ENABLE
ProjectManager.KeepUserCode=true
PE11.GPIOParameters=GPIO_Label
Mcu.UserName=STM32L072VBTx
SPI1.VirtualType=VM_MASTER
PH10.Signal=GPIO_Output
Dma.SPI1_RX.3.PeriphInc=DMA_PINC_DISABLE
PE11.GPIO_Label=NEOPIX_ROCKET_L
RCC.PLLCLKFreq_Value=32000000
ProjectManager.functionlistsort=1-MX_GPIO_Init-GPIO-false-HAL-true,2-MX_DMA_Init-DMA-false-HAL-true,3-SystemClock_Config-RCC-false-HAL-false,4-MX_I2S2_Init-I2S2-false-HAL-true,5-MX_SPI1_Init-SPI1-false-HAL-true,6-MX_TSC_Init-TSC-false-HAL-true,7-MX_TOUCHSENSING_Init-TOUCHSENSING-false-HAL-false,8-MX_TIM2_Init-TIM2-false-HAL-true
PC0.GPIOParameters=GPIO_Label
Dma.SPI1_RX.3.Instance=DMA1_Channel2
PC0.GPIO_Label=TOUCH_G7_1_SAMP
PD0.GPIO_Label=I2S_SPI2_WS
PH10.Locked=true
Dma.TIM2_CH4.2.Priority=DMA_PRIORITY_LOW
RCC.RTCFreq_Value=37000
I2S2.CPOL=I2S_CPOL_HIGH
Dma.TIM2_CH1.0.Instance=DMA1_Channel5
RCC.USART2Freq_Value=32000000
NVIC.SVC_IRQn=true\:0\:0\:false\:false\:true\:false\:false
Dma.SPI2_TX.4.Mode=DMA_NORMAL
PC13.GPIO_Label=BUTTON_R
Dma.TIM2_CH3.1.Instance=DMA1_Channel1
PB15.Signal=I2S2_SD
Dma.SPI1_RX.3.Mode=DMA_NORMAL
RCC.48CLKFreq_Value=32000000
PinOutPanel.RotationAngle=0
Dma.SPI2_TX.4.PeriphDataAlignment=DMA_PDATAALIGN_HALFWORD
PE5.GPIOParameters=GPIO_Label
RCC.SYSCLKSource=RCC_SYSCLKSOURCE_PLLCLK
ProjectManager.StackSize=0x400
Dma.SPI1_RX.3.MemDataAlignment=DMA_MDATAALIGN_BYTE
Dma.SPI1_TX.5.Instance=DMA1_Channel3
Dma.SPI1_TX.5.RequestParameters=Instance,Direction,PeriphInc,MemInc,PeriphDataAlignment,MemDataAlignment,Mode,Priority
Dma.SPI2_TX.4.PeriphInc=DMA_PINC_DISABLE
RCC.I2C3Freq_Value=32000000
Mcu.IP4=SPI1
RCC.FCLKCortexFreq_Value=32000000
Mcu.IP5=SYS
Mcu.IP2=NVIC
Mcu.IP3=RCC
PA15.GPIO_Label=SD_SPI1_CS_N
Mcu.IP0=DMA
Dma.SPI1_RX.3.Priority=DMA_PRIORITY_LOW
Mcu.IP1=I2S2
PE4.GPIOParameters=GPIO_Label
TOUCHSENSING.TSLPRM_TKEY_DETECT_IN_TH=30
Mcu.UserConstants=
PD15.GPIOParameters=GPIO_Label
PC1.GPIOParameters=GPIO_Label
Mcu.ThirdPartyNb=0
Dma.TIM2_CH4.2.PeriphInc=DMA_PINC_DISABLE
SPI1.Direction=SPI_DIRECTION_2LINES
PD11.GPIO_Label=AUDIO_SD_N_R
Dma.TIM2_CH3.1.Direction=DMA_MEMORY_TO_PERIPH
RCC.HCLKFreq_Value=32000000
Mcu.IPNb=9
TIM2.IPParameters=Channel-PWM Generation1 CH1,Channel-PWM Generation3 CH3,Channel-PWM Generation4 CH4,OCFastMode_PWM-PWM Generation1 CH1,OCFastMode_PWM-PWM Generation3 CH3,OCFastMode_PWM-PWM Generation4 CH4,Period
ProjectManager.PreviousToolchain=
RCC.APB2TimFreq_Value=32000000
SPI1.CalculateBaudRate=4.0 MBits/s
Mcu.Pin6=PC1
PD0.Signal=I2S2_WS
Mcu.Pin7=PE7
VP_TIM2_VS_ClockSourceINT.Signal=TIM2_VS_ClockSourceINT
Mcu.Pin8=PE8
PE5.Signal=GPIO_Output
Mcu.Pin9=PE9
TOUCHSENSING.TSLPRM_TOTAL_TOUCHKEYS_B=1
RCC.AHBFreq_Value=32000000
Mcu.Pin0=PE4
PH10.GPIO_Label=TEST_LED
Mcu.Pin1=PE5
GPIO.groupedBy=Group By Peripherals
Mcu.Pin2=PC13
Mcu.Pin3=PC14-OSC32_IN
PD10.GPIOParameters=GPIO_Label
Mcu.Pin4=PH10
Mcu.Pin5=PC0
ProjectManager.ProjectBuild=false
RCC.HSE_VALUE=8000000
TOUCHSENSING.TSLPRM_USE_PROX=0
PD1.GPIOParameters=GPIO_Speed,GPIO_Label
NVIC.SysTick_IRQn=true\:0\:0\:false\:false\:true\:false\:true
RCC.PLLMUL=RCC_PLLMUL_4
PD1.GPIO_Label=I2S_SPI2_CK
ProjectManager.FirmwarePackage=STM32Cube FW_L0 V1.11.2
MxDb.Version=DB.6.0.20
Dma.TIM2_CH4.2.Instance=DMA1_Channel4
PE13.Signal=SPI1_SCK
ProjectManager.BackupPrevious=false
Dma.TIM2_CH4.2.MemInc=DMA_MINC_ENABLE
PE9.Signal=S_TIM2_CH1
PD1.GPIO_Speed=GPIO_SPEED_FREQ_HIGH
PA14.Mode=Serial_Wire
PE8.Locked=true
Dma.TIM2_CH1.0.RequestParameters=Instance,Direction,PeriphInc,MemInc,PeriphDataAlignment,MemDataAlignment,Mode,Priority
Dma.SPI1_RX.3.Direction=DMA_PERIPH_TO_MEMORY
File.Version=6
PE4.GPIO_Label=BUTTON_L
SH.S_TIM2_CH1.ConfNb=1
Dma.TIM2_CH4.2.Direction=DMA_MEMORY_TO_PERIPH
I2S2.IPParameters=Instance,VirtualMode,RealAudioFreq,ErrorAudioFreq,AudioFreq,CPOL
TSC.PulseGeneratorPrescaler=TSC_PG_PRESC_DIV8
Dma.SPI1_RX.3.RequestParameters=Instance,Direction,PeriphInc,MemInc,PeriphDataAlignment,MemDataAlignment,Mode,Priority
PE13.Mode=Full_Duplex_Master
TIM2.Channel-PWM\ Generation1\ CH1=TIM_CHANNEL_1
Dma.SPI1_TX.5.Priority=DMA_PRIORITY_LOW
NVIC.PendSV_IRQn=true\:0\:0\:false\:false\:true\:false\:false
PE4.Signal=GPIO_Input
Dma.RequestsNb=6
ProjectManager.HalAssertFull=false
PC14-OSC32_IN.GPIOParameters=GPIO_Label
ProjectManager.ProjectName=SpaceCenter
Dma.TIM2_CH3.1.RequestParameters=Instance,Direction,PeriphInc,MemInc,PeriphDataAlignment,MemDataAlignment,Mode,Priority
Dma.TIM2_CH3.1.Priority=DMA_PRIORITY_LOW
TOUCHSENSING.TSLPRM_ACQ_MIN=10
PH10.GPIOParameters=GPIO_Label
Mcu.Package=LQFP100
PD11.Locked=true
Dma.TIM2_CH3.1.MemDataAlignment=DMA_MDATAALIGN_BYTE
ProjectManager.ToolChainLocation=
RCC.LSI_VALUE=37000
VP_SYS_VS_Systick.Signal=SYS_VS_Systick
PE12.GPIO_Label=NEOPIX_ROCKET_R
PA15.Signal=GPIO_Output
TOUCHSENSING.IO_TOUCHKEY_B1-TouchSensing_Enabled=G1_IO2
Dma.TIM2_CH1.0.PeriphDataAlignment=DMA_PDATAALIGN_WORD
TIM2.OCFastMode_PWM-PWM\ Generation4\ CH4=TIM_OCFAST_ENABLE
Dma.SPI1_TX.5.Direction=DMA_MEMORY_TO_PERIPH
Dma.Request2=TIM2_CH4
Dma.Request1=TIM2_CH3
RCC.APB1TimFreq_Value=32000000
Dma.Request4=SPI2_TX
Dma.Request3=SPI1_RX
Dma.Request5=SPI1_TX
PC14-OSC32_IN.GPIO_Label=BUTTON_LED_R
PE7.Signal=GPIO_Input
SH.S_TIM2_CH4.ConfNb=1
Dma.Request0=TIM2_CH1
SPI1.BaudRatePrescaler=SPI_BAUDRATEPRESCALER_8
TSC.MaxCountValue=TSC_MCV_16383
TOUCHSENSING.TSLPRM_TKEY_DETECT_OUT_TH=25
Dma.TIM2_CH1.0.Direction=DMA_MEMORY_TO_PERIPH
PD15.Signal=GPIO_Input
ProjectManager.CustomerFirmwarePackage=
PC14-OSC32_IN.Locked=true
RCC.HSI48_VALUE=48000000
RCC.LPTIMFreq_Value=32000000
RCC.TIMFreq_Value=32000000
Dma.SPI1_TX.5.MemInc=DMA_MINC_ENABLE
RCC.MSI_VALUE=2097000
I2S2.AudioFreq=I2S_AUDIOFREQ_44K
TSC.ChannelIOs-G7_IO2-Channel=TSC_GROUP7_IO2
ProjectManager.ProjectFileName=SpaceCenter.ioc
PE8.GPIOParameters=GPIO_Label
TIM2.Channel-PWM\ Generation4\ CH4=TIM_CHANNEL_4
TOUCHSENSING.IO_TOUCHKEY1-TouchSensing_Enabled=G1_IO2
SH.S_TIM2_CH1.0=TIM2_CH1,PWM Generation1 CH1
PD15.GPIO_Label=MODE_SW
Dma.SPI1_TX.5.MemDataAlignment=DMA_MDATAALIGN_BYTE
I2S2.Instance=SPI$Index
PE14.GPIOParameters=GPIO_Label
RCC.48USBFreq_Value=32000000
PA15.GPIOParameters=GPIO_Label
Mcu.PinsNb=27
Dma.SPI2_TX.4.Direction=DMA_MEMORY_TO_PERIPH
ProjectManager.NoMain=false
SPI1.IPParameters=VirtualType,Mode,Direction,CalculateBaudRate,BaudRatePrescaler
PC13.Locked=true
Dma.SPI2_TX.4.Priority=DMA_PRIORITY_LOW
RCC.LPUARTFreq_Value=32000000
PC13.Signal=GPIO_Input
PD1.Signal=I2S2_CK
ProjectManager.DefaultFWLocation=true
PE14.GPIO_Label=SD_SPI1_MISO
ProjectManager.DeletePrevious=true
PC0.Signal=TSC_G7_IO1
PC14-OSC32_IN.Signal=GPIO_Output
RCC.TimerFreq_Value=32000000
TOUCHSENSING.TSLPRM_TKEY_CALIB_TH=15
RCC.FamilyName=M
PD0.GPIO_Speed=GPIO_SPEED_FREQ_HIGH
PC0.Mode=G7_IO1-Sampling
PE9.GPIOParameters=GPIO_Label
PE15.GPIOParameters=GPIO_Label
RCC.WatchDogFreq_Value=37000
PD10.Signal=GPIO_Output
PA13.Signal=SYS_SWDIO
RCC.HSI16_VALUE=16000000
Dma.TIM2_CH3.1.Mode=DMA_CIRCULAR
PA15.Locked=true
PE15.GPIO_Label=SD_SPI1_MOSI
Dma.SPI2_TX.4.Instance=DMA1_Channel7
ProjectManager.TargetToolchain=STM32CubeIDE
Dma.TIM2_CH4.2.Mode=DMA_CIRCULAR
PE7.GPIOParameters=GPIO_Label
Dma.TIM2_CH4.2.PeriphDataAlignment=DMA_PDATAALIGN_WORD
PE8.GPIO_Label=SD_DET_B
I2S2.VirtualMode=I2S_MODE_MASTER
Dma.TIM2_CH3.1.MemInc=DMA_MINC_ENABLE
PE4.Locked=true
Dma.SPI1_TX.5.Mode=DMA_NORMAL
ProjectManager.RegisterCallBack=
TIM2.OCFastMode_PWM-PWM\ Generation3\ CH3=TIM_OCFAST_ENABLE
PD10.GPIO_Label=AUDIO_SD_N_L
PE11.Signal=S_TIM2_CH3
RCC.LSE_VALUE=32768
PE9.GPIO_Label=NEOPIX_STARS
TOUCHSENSING.TSLPRM_CALIB_SAMPLES=8
TSC.CTPulseHighLength=TSC_CTPH_8CYCLES
Dma.SPI1_RX.3.MemInc=DMA_MINC_ENABLE
VP_TOUCHSENSING_VS_TOUCHSENSING.Mode=TouchSensing_Enabled
PE13.GPIOParameters=GPIO_Label
TOUCHSENSING.TSLPRM_TOTAL_TOUCHKEYS=0
RCC.MCOPinFreq_Value=32000000
board=custom
RCC.VCOOutputFreq_Value=64000000
ProjectManager.LastFirmware=true
PD1.Mode=Half_Duplex_Master
PB15.Mode=Half_Duplex_Master
PD11.GPIOParameters=GPIO_Label,GPIO_ModeDefaultOutputPP
Dma.SPI2_TX.4.RequestParameters=Instance,Direction,PeriphInc,MemInc,PeriphDataAlignment,MemDataAlignment,Mode,Priority
TOUCHSENSING.IO_TOUCHKEY_B18=G2_IO4
TOUCHSENSING.IO_TOUCHKEY_B17=G1_IO4
RCC.APB2Freq_Value=32000000
TOUCHSENSING.IO_TOUCHKEY_B19=G3_IO4
TSC.SamplingIOs-G7_IO1-Sampling=TSC_GROUP7_IO1
PE14.Signal=SPI1_MISO
PE15.Signal=SPI1_MOSI
Dma.TIM2_CH1.0.Priority=DMA_PRIORITY_LOW
MxCube.Version=6.2.0
TOUCHSENSING.IO_TOUCHKEY_B21=G5_IO4
NVIC.DMA1_Channel4_5_6_7_IRQn=true\:0\:0\:false\:false\:true\:false\:true
TOUCHSENSING.IO_TOUCHKEY_B20=G4_IO4
PB15.GPIO_Label=I2S_SPI2_SD
VP_TIM2_VS_ClockSourceINT.Mode=Internal
RCC.I2C1Freq_Value=32000000
TOUCHSENSING.IO_TOUCHKEY_B23=G7_IO4
PE8.Signal=GPIO_Input
SH.S_TIM2_CH3.0=TIM2_CH3,PWM Generation3 CH3
SPI1.Mode=SPI_MODE_MASTER
TOUCHSENSING.IO_TOUCHKEY_B22=G6_IO4
PC13.GPIOParameters=GPIO_Label
Dma.SPI2_TX.4.MemDataAlignment=DMA_MDATAALIGN_HALFWORD
TOUCHSENSING.IO_TOUCHKEY_B24=G8_IO4
PB15.GPIO_Speed=GPIO_SPEED_FREQ_HIGH
PE14.Mode=Full_Duplex_Master
TOUCHSENSING.TSLPRM_SENSORS_DATAS=TSLPRM_TOTAL_TOUCHKEYS_B 1 1 
PC1.GPIO_Label=TOUCH_G7_2_STAR_0
VP_SYS_VS_Systick.Mode=SysTick
TIM2.Channel-PWM\ Generation3\ CH3=TIM_CHANNEL_3
TSC.IPParameters=MaxCountValue,CTPulseHighLength,CTPulseLowLength,PulseGeneratorPrescaler,SamplingIOs-G7_IO1-Sampling,ChannelIOs-G7_IO2-Channel
NVIC.NonMaskableInt_IRQn=true\:0\:0\:false\:false\:true\:false\:false
SH.S_TIM2_CH3.ConfNb=1
PE5.Locked=true
VP_TOUCHSENSING_VS_TOUCHSENSING.Signal=TOUCHSENSING_VS_TOUCHSENSING
TIM2.Period=39
PE7.Locked=true
PB15.GPIOParameters=GPIO_Speed,GPIO_Label
PA13.Mode=Serial_Wire
ProjectManager.FreePins=false
RCC.IPParameters=48CLKFreq_Value,48RNGFreq_Value,48USBFreq_Value,AHBFreq_Value,APB1Freq_Value,APB1TimFreq_Value,APB2Freq_Value,APB2TimFreq_Value,FCLKCortexFreq_Value,FamilyName,HCLKFreq_Value,HSE_VALUE,HSI16_VALUE,HSI48_VALUE,HSI_VALUE,I2C1Freq_Value,I2C3Freq_Value,LPTIMFreq_Value,LPUARTFreq_Value,LSE_VALUE,LSI_VALUE,MCOPinFreq_Value,MSI_VALUE,PLLCLKFreq_Value,PLLMUL,PWRFreq_Value,RTCFreq_Value,RTCHSEDivFreq_Value,SYSCLKFreq_VALUE,SYSCLKSource,TIMFreq_Value,TimerFreq_Value,USART1Freq_Value,USART2Freq_Value,VCOOutputFreq_Value,WatchDogFreq_Value
ProjectManager.AskForMigrate=true
Mcu.Name=STM32L072V(B-Z)Tx
Dma.TIM2_CH3.1.PeriphInc=DMA_PINC_DISABLE
PE7.GPIO_Label=SD_DET_A
PD0.Mode=Half_Duplex_Master
PE12.Signal=S_TIM2_CH4
Mcu.Pin26=VP_TOUCHSENSING_VS_TOUCHSENSING
RCC.RTCHSEDivFreq_Value=4000000
Mcu.Pin24=VP_SYS_VS_Systick
Dma.TIM2_CH4.2.RequestParameters=Instance,Direction,PeriphInc,MemInc,PeriphDataAlignment,MemDataAlignment,Mode,Priority
ProjectManager.UnderRoot=true
Mcu.Pin25=VP_TIM2_VS_ClockSourceINT
Mcu.IP8=TSC
Mcu.IP6=TIM2
Mcu.IP7=TOUCHSENSING
ProjectManager.CoupleFile=false
RCC.SYSCLKFreq_VALUE=32000000
Mcu.Pin22=PD0
Dma.TIM2_CH1.0.Mode=DMA_CIRCULAR
Mcu.Pin23=PD1
Mcu.Pin20=PA14
PE13.GPIO_Label=SD_SPI1_SCK
Mcu.Pin21=PA15
PD10.Locked=true
TOUCHSENSING.IO_TOUCHKEY_B1=G7_IO2
I2S2.ErrorAudioFreq=-1.18 %
NVIC.ForceEnableDMAVector=true
KeepUserPlacement=false
Dma.TIM2_CH3.1.PeriphDataAlignment=DMA_PDATAALIGN_WORD
Dma.SPI1_RX.3.PeriphDataAlignment=DMA_PDATAALIGN_BYTE
PD11.Signal=GPIO_Output
TOUCHSENSING.IO_TOUCHKEY_B9=G1_IO3
PE5.GPIO_Label=BUTTON_LED_L
Dma.SPI1_TX.5.PeriphInc=DMA_PINC_DISABLE
TOUCHSENSING.IO_TOUCHKEY_B8=G8_IO2
ProjectManager.CompilerOptimize=6
TOUCHSENSING.IO_TOUCHKEY_B7=G7_IO2
PD15.Locked=true
TOUCHSENSING.IO_TOUCHKEY_B6=G6_IO2
TOUCHSENSING.IO_TOUCHKEY_B5=G5_IO2
Dma.TIM2_CH1.0.MemDataAlignment=DMA_MDATAALIGN_BYTE
TOUCHSENSING.IO_TOUCHKEY_B4=G4_IO2
PA14.Signal=SYS_SWCLK
TOUCHSENSING.IO_TOUCHKEY_B3=G3_IO2
TOUCHSENSING.IO_TOUCHKEY_B2=G2_IO2
ProjectManager.HeapSize=0x200
Mcu.Pin15=PB15
NVIC.HardFault_IRQn=true\:0\:0\:false\:false\:true\:false\:false
Mcu.Pin16=PD10
SH.S_TIM2_CH4.0=TIM2_CH4,PWM Generation4 CH4
Mcu.Pin13=PE14
Mcu.Pin14=PE15
PD11.GPIO_ModeDefaultOutputPP=GPIO_MODE_OUTPUT_OD
Mcu.Pin19=PA13
TOUCHSENSING.IPParameters=TSLPRM_TOTAL_TOUCHKEYS,IO_TOUCHKEY1-TouchSensing_Enabled,TSLPRM_TOTAL_TOUCHKEYS_B,IO_TOUCHKEY_B1,IO_TOUCHKEY_B2,IO_TOUCHKEY_B3,IO_TOUCHKEY_B4,IO_TOUCHKEY_B5,IO_TOUCHKEY_B6,IO_TOUCHKEY_B7,IO_TOUCHKEY_B8,IO_TOUCHKEY_B9,IO_TOUCHKEY_B10,IO_TOUCHKEY_B11,IO_TOUCHKEY_B12,IO_TOUCHKEY_B13,IO_TOUCHKEY_B14,IO_TOUCHKEY_B15,IO_TOUCHKEY_B16,IO_TOUCHKEY_B17,IO_TOUCHKEY_B18,IO_TOUCHKEY_B19,IO_TOUCHKEY_B20,IO_TOUCHKEY_B21,IO_TOUCHKEY_B22,IO_TOUCHKEY_B23,IO_TOUCHKEY_B24,TSLPRM_SENSORS_DATAS,TSLPRM_USE_PROX,TSLPRM_TKEY_DETECT_IN_TH,TSLPRM_TKEY_DETECT_OUT_TH,TSLPRM_TKEY_CALIB_TH,TSLPRM_ACQ_MIN,TSLPRM_CALIB_SAMPLES,IO_TOUCHKEY_B1-TouchSensing_Enabled
ProjectManager.ComputerToolchain=false
Mcu.Pin17=PD11
RCC.HSI_VALUE=16000000
Mcu.Pin18=PD15
Mcu.Pin11=PE12
Mcu.Pin12=PE13
PD0.GPIOParameters=GPIO_Speed,GPIO_Label
Dma.SPI1_TX.5.PeriphDataAlignment=DMA_PDATAALIGN_BYTE
Mcu.Pin10=PE11
NVIC.DMA1_Channel2_3_IRQn=true\:0\:0\:false\:false\:true\:false\:true
TSC.CTPulseLowLength=TSC_CTPL_8CYCLES
RCC.PWRFreq_Value=32000000
RCC.48RNGFreq_Value=32000000
PE12.GPIOParameters=GPIO_Label
NVIC.DMA1_Channel1_IRQn=true\:0\:0\:false\:false\:true\:false\:true
RCC.APB1Freq_Value=32000000
TOUCHSENSING.IO_TOUCHKEY_B10=G2_IO3
I2S2.RealAudioFreq=43.478 KHz
TOUCHSENSING.IO_TOUCHKEY_B12=G4_IO3
Dma.TIM2_CH1.0.PeriphInc=DMA_PINC_DISABLE
TOUCHSENSING.IO_TOUCHKEY_B11=G3_IO3
TOUCHSENSING.IO_TOUCHKEY_B14=G6_IO3
PC0.Locked=true
TOUCHSENSING.IO_TOUCHKEY_B13=G5_IO3
ProjectManager.DeviceId=STM32L072VBTx
PC1.Signal=TSC_G7_IO2
TOUCHSENSING.IO_TOUCHKEY_B16=G8_IO3
TOUCHSENSING.IO_TOUCHKEY_B15=G7_IO3
ProjectManager.LibraryCopy=1
PC1.Mode=G7_IO2-Channel
PE15.Mode=Full_Duplex_Master
isbadioc=false
