#MicroXplorer Configuration settings - do not modify
PB13.GPIOParameters=GPIO_Label
Dma.TIM2_CH4.2.MemDataAlignment=DMA_MDATAALIGN_BYTE
PC7.GPIOParameters=GPIO_Label
RCC.USART1Freq_Value=32000000
PE11.GPIOParameters=GPIO_Label
SPI1.VirtualType=VM_MASTER
RCC.PLLCLKFreq_Value=32000000
PB14.GPIO_Label=TOUCH_STAR_14
PC7.Locked=true
PC3.Locked=true
Dma.TIM2_CH4.2.Priority=DMA_PRIORITY_LOW
RCC.RTCFreq_Value=37000
PA3.GPIOParameters=GPIO_Label
PA6.GPIO_Label=TOUCH_STAR_7
PB6.GPIO_Label=TOUCH_STAR_22
I2S2.CPOL=I2S_CPOL_HIGH
PB13.Signal=GPIO_Input
Dma.SPI1_RX.3.Mode=DMA_NORMAL
PA2.GPIOParameters=GPIO_Label
PinOutPanel.RotationAngle=0
Dma.SPI2_TX.4.PeriphDataAlignment=DMA_PDATAALIGN_HALFWORD
RCC.SYSCLKSource=RCC_SYSCLKSOURCE_PLLCLK
Dma.SPI1_TX.5.Instance=DMA1_Channel3
Dma.SPI1_TX.5.RequestParameters=Instance,Direction,PeriphInc,MemInc,PeriphDataAlignment,MemDataAlignment,Mode,Priority
Dma.SPI2_TX.4.PeriphInc=DMA_PINC_DISABLE
PD15.GPIOParameters=GPIO_Label
SPI1.Direction=SPI_DIRECTION_2LINES
Dma.TIM2_CH3.1.Direction=DMA_MEMORY_TO_PERIPH
TIM2.IPParameters=Channel-PWM Generation1 CH1,Channel-PWM Generation3 CH3,Channel-PWM Generation4 CH4,OCFastMode_PWM-PWM Generation1 CH1,OCFastMode_PWM-PWM Generation3 CH3,OCFastMode_PWM-PWM Generation4 CH4,Period
RCC.APB2TimFreq_Value=32000000
PB6.Signal=GPIO_Input
PC7.Signal=GPIO_Input
SPI1.CalculateBaudRate=4.0 MBits/s
PC3.Signal=GPIO_Input
PD0.Signal=I2S2_WS
VP_TIM2_VS_ClockSourceINT.Signal=TIM2_VS_ClockSourceINT
PE5.Signal=GPIO_Output
PB13.Locked=true
PH10.GPIO_Label=TEST_LED
ProjectManager.ProjectBuild=false
PB2.Signal=GPIO_Input
PD1.GPIOParameters=GPIO_Speed,GPIO_Label
PD1.GPIO_Label=I2S_SPI2_CK
PB12.GPIO_Label=TOUCH_STAR_12
ProjectManager.FirmwarePackage=STM32Cube FW_L0 V1.12.1
MxDb.Version=DB.6.0.21
PB0.GPIOParameters=GPIO_Label
PA1.GPIOParameters=GPIO_Label
Dma.TIM2_CH4.2.Instance=DMA1_Channel4
ProjectManager.BackupPrevious=false
PE9.Signal=S_TIM2_CH1
PD1.GPIO_Speed=GPIO_SPEED_FREQ_HIGH
PB1.GPIO_Label=TOUCH_STAR_10
PE4.GPIO_Label=BUTTON_L
I2S2.IPParameters=Instance,VirtualMode,RealAudioFreq,ErrorAudioFreq,AudioFreq,CPOL
Dma.SPI1_RX.3.RequestParameters=Instance,Direction,PeriphInc,MemInc,PeriphDataAlignment,MemDataAlignment,Mode,Priority
PE13.Mode=Full_Duplex_Master
Dma.SPI1_TX.5.Priority=DMA_PRIORITY_LOW
PB6.Locked=true
NVIC.PendSV_IRQn=true\:0\:0\:false\:false\:true\:false\:false
ProjectManager.HalAssertFull=false
Dma.TIM2_CH3.1.RequestParameters=Instance,Direction,PeriphInc,MemInc,PeriphDataAlignment,MemDataAlignment,Mode,Priority
PC8.GPIOParameters=GPIO_Label
PH10.GPIOParameters=GPIO_Label
Mcu.Package=LQFP100
PB1.Signal=GPIO_Input
PA5.Locked=true
PD11.Locked=true
Dma.TIM2_CH3.1.MemDataAlignment=DMA_MDATAALIGN_BYTE
VP_SYS_VS_Systick.Signal=SYS_VS_Systick
PA10.Signal=GPIO_Input
PE12.GPIO_Label=NEOPIX_ROCKET_R
PA5.GPIOParameters=GPIO_Label
PB14.GPIOParameters=GPIO_Label
Dma.TIM2_CH1.0.PeriphDataAlignment=DMA_PDATAALIGN_WORD
TIM2.OCFastMode_PWM-PWM\ Generation4\ CH4=TIM_OCFAST_ENABLE
Dma.SPI1_TX.5.Direction=DMA_MEMORY_TO_PERIPH
RCC.APB1TimFreq_Value=32000000
SH.S_TIM2_CH4.ConfNb=1
PD15.Signal=GPIO_Input
ProjectManager.CustomerFirmwarePackage=
RCC.HSI48_VALUE=48000000
RCC.LPTIMFreq_Value=32000000
RCC.TIMFreq_Value=32000000
PA6.GPIOParameters=GPIO_Label
I2S2.AudioFreq=I2S_AUDIOFREQ_44K
ProjectManager.ProjectFileName=SpaceCenter.ioc
Dma.SPI1_TX.5.MemDataAlignment=DMA_MDATAALIGN_BYTE
RCC.48USBFreq_Value=32000000
PA15.GPIOParameters=GPIO_Label
Mcu.PinsNb=50
Dma.SPI2_TX.4.Direction=DMA_MEMORY_TO_PERIPH
PC13.Locked=true
Dma.SPI2_TX.4.Priority=DMA_PRIORITY_LOW
RCC.LPUARTFreq_Value=32000000
PC13.Signal=GPIO_Input
PC2.Signal=GPIO_Input
PD1.Signal=I2S2_CK
PA11.GPIO_Label=TOUCH_STAR_19
PB14.Locked=true
PC0.Signal=TSC_G7_IO1
PC14-OSC32_IN.Signal=GPIO_Output
PD0.GPIO_Speed=GPIO_SPEED_FREQ_HIGH
RCC.WatchDogFreq_Value=37000
PC3.GPIOParameters=GPIO_Label
PD10.Signal=GPIO_Output
RCC.HSI16_VALUE=16000000
PA11.Locked=true
PA15.Locked=true
Dma.TIM2_CH4.2.Mode=DMA_NORMAL
Dma.TIM2_CH4.2.PeriphDataAlignment=DMA_PDATAALIGN_WORD
PE8.GPIO_Label=SD_DET_B
I2S2.VirtualMode=I2S_MODE_MASTER
Dma.TIM2_CH3.1.MemInc=DMA_MINC_ENABLE
Dma.SPI1_TX.5.Mode=DMA_NORMAL
PE9.GPIO_Label=NEOPIX_STARS
Mcu.Pin48=VP_SYS_VS_Systick
Mcu.Pin49=VP_TIM2_VS_ClockSourceINT
Mcu.Pin46=PB7
Mcu.Pin47=VP_RNG_VS_RNG
Dma.SPI1_RX.3.MemInc=DMA_MINC_ENABLE
PB14.Signal=GPIO_Input
PA5.Signal=GPIO_Input
Mcu.Pin40=PA14
Mcu.Pin41=PA15
PE13.GPIOParameters=GPIO_Label
Mcu.Pin44=PB4
RCC.MCOPinFreq_Value=32000000
Mcu.Pin45=PB6
Mcu.Pin42=PD0
Mcu.Pin43=PD1
ProjectManager.LastFirmware=true
PD1.Mode=Half_Duplex_Master
Dma.SPI2_TX.4.RequestParameters=Instance,Direction,PeriphInc,MemInc,PeriphDataAlignment,MemDataAlignment,Mode,Priority
PE14.Signal=SPI1_MISO
PE15.Signal=SPI1_MOSI
Mcu.Pin37=PA11
PB4.GPIO_Label=TOUCH_STAR_21
Mcu.Pin38=PA12
Mcu.Pin35=PC9
PB15.GPIO_Label=I2S_SPI2_SD
RCC.I2C1Freq_Value=32000000
PE8.Signal=GPIO_Input
Mcu.Pin36=PA10
SPI1.Mode=SPI_MODE_MASTER
Dma.SPI2_TX.4.MemDataAlignment=DMA_MDATAALIGN_HALFWORD
Mcu.Pin39=PA13
PC2.GPIOParameters=GPIO_Label
Mcu.Pin30=PD10
PA1.GPIO_Label=TOUCH_STAR_3
Mcu.Pin33=PC7
Mcu.Pin34=PC8
Mcu.Pin31=PD11
Mcu.Pin32=PD15
NVIC.NonMaskableInt_IRQn=true\:0\:0\:false\:false\:true\:false\:false
SH.S_TIM2_CH3.ConfNb=1
TIM2.Period=39
PE7.Locked=true
PA13.Mode=Serial_Wire
ProjectManager.FreePins=false
PC9.GPIOParameters=GPIO_Label
Mcu.Pin26=PB12
Mcu.Pin27=PB13
RCC.RTCHSEDivFreq_Value=4000000
Mcu.Pin24=PE14
Dma.TIM2_CH4.2.RequestParameters=Instance,Direction,PeriphInc,MemInc,PeriphDataAlignment,MemDataAlignment,Mode,Priority
ProjectManager.UnderRoot=true
Mcu.Pin25=PE15
PC7.GPIO_Label=TOUCH_STAR_15
Mcu.Pin28=PB14
Mcu.Pin29=PB15
PB4.Locked=true
Mcu.Pin22=PE12
Mcu.Pin23=PE13
Mcu.Pin20=PE9
PA3.Locked=true
Mcu.Pin21=PE11
PE13.GPIO_Label=SD_SPI1_SCK
PD10.Locked=true
PA5.GPIO_Label=TOUCH_STAR_6
PA10.Locked=true
NVIC.ForceEnableDMAVector=true
PD11.Signal=GPIO_Output
PE5.GPIO_Label=BUTTON_LED_L
Dma.SPI1_TX.5.PeriphInc=DMA_PINC_DISABLE
ProjectManager.CompilerOptimize=6
PD15.Locked=true
PA11.Signal=GPIO_Input
Dma.TIM2_CH1.0.MemDataAlignment=DMA_MDATAALIGN_BYTE
ProjectManager.HeapSize=0x200
Mcu.Pin15=PB0
NVIC.HardFault_IRQn=true\:0\:0\:false\:false\:true\:false\:false
Mcu.Pin16=PB1
Mcu.Pin13=PA6
Mcu.Pin14=PA7
Mcu.Pin19=PE8
PD11.GPIO_ModeDefaultOutputPP=GPIO_MODE_OUTPUT_OD
ProjectManager.ComputerToolchain=false
Mcu.Pin17=PB2
Mcu.Pin18=PE7
Mcu.Pin11=PA3
Mcu.Pin12=PA5
PD0.GPIOParameters=GPIO_Speed,GPIO_Label
Dma.SPI1_TX.5.PeriphDataAlignment=DMA_PDATAALIGN_BYTE
Mcu.Pin10=PA2
NVIC.DMA1_Channel2_3_IRQn=true\:0\:0\:false\:false\:true\:false\:true
PC3.GPIO_Label=TOUCH_STAR_2
RCC.PWRFreq_Value=32000000
PE12.GPIOParameters=GPIO_Label
NVIC.DMA1_Channel1_IRQn=true\:0\:0\:false\:false\:true\:false\:true
PB0.Signal=GPIO_Input
Dma.TIM2_CH1.0.PeriphInc=DMA_PINC_DISABLE
PA7.GPIOParameters=GPIO_Label
PC0.Locked=true
PC1.Signal=GPIO_Input
PB12.GPIOParameters=GPIO_Label
PE15.Mode=Full_Duplex_Master
Mcu.Family=STM32L0
Dma.SPI2_TX.4.MemInc=DMA_MINC_ENABLE
ProjectManager.MainLocation=Core/Src
Dma.TIM2_CH1.0.MemInc=DMA_MINC_ENABLE
TIM2.OCFastMode_PWM-PWM\ Generation1\ CH1=TIM_OCFAST_ENABLE
ProjectManager.KeepUserCode=true
Mcu.UserName=STM32L072VBTx
PH10.Signal=GPIO_Output
Dma.SPI1_RX.3.PeriphInc=DMA_PINC_DISABLE
PE11.GPIO_Label=NEOPIX_ROCKET_L
PA12.GPIOParameters=GPIO_Label
ProjectManager.functionlistsort=1-MX_GPIO_Init-GPIO-false-HAL-true,2-MX_DMA_Init-DMA-false-HAL-true,3-SystemClock_Config-RCC-false-HAL-false,4-MX_I2S2_Init-I2S2-false-HAL-true,5-MX_SPI1_Init-SPI1-false-HAL-true,6-MX_TSC_Init-TSC-false-HAL-true,7-MX_TOUCHSENSING_Init-TOUCHSENSING-false-HAL-false,8-MX_TIM2_Init-TIM2-false-HAL-true
PC0.GPIOParameters=GPIO_Label
PA11.GPIOParameters=GPIO_Label
Dma.SPI1_RX.3.Instance=DMA1_Channel2
PC0.GPIO_Label=TOUCH_G7_1_SAMP
PD0.GPIO_Label=I2S_SPI2_WS
PH10.Locked=true
PC9.Locked=true
PB0.GPIO_Label=TOUCH_STAR_9
Dma.TIM2_CH1.0.Instance=DMA1_Channel5
RCC.USART2Freq_Value=32000000
NVIC.SVC_IRQn=true\:0\:0\:false\:false\:true\:false\:false
Dma.SPI2_TX.4.Mode=DMA_NORMAL
PC13.GPIO_Label=BUTTON_R
PC1.Locked=true
PB13.GPIO_Label=TOUCH_STAR_13
Dma.TIM2_CH3.1.Instance=DMA1_Channel1
PB15.Signal=I2S2_SD
RCC.48CLKFreq_Value=32000000
PE5.GPIOParameters=GPIO_Label
ProjectManager.StackSize=0x400
Dma.SPI1_RX.3.MemDataAlignment=DMA_MDATAALIGN_BYTE
RCC.I2C3Freq_Value=32000000
Mcu.IP4=RNG
RCC.FCLKCortexFreq_Value=32000000
Mcu.IP5=SPI1
Mcu.IP2=NVIC
Mcu.IP3=RCC
PA15.GPIO_Label=SD_SPI1_CS_N
PB4.GPIOParameters=GPIO_Label
Mcu.IP0=DMA
PA12.Locked=true
Dma.SPI1_RX.3.Priority=DMA_PRIORITY_LOW
Mcu.IP1=I2S2
PA12.Signal=GPIO_Input
PE4.GPIOParameters=GPIO_Label
Mcu.UserConstants=
PC1.GPIOParameters=GPIO_Label
Mcu.ThirdPartyNb=0
Dma.TIM2_CH4.2.PeriphInc=DMA_PINC_DISABLE
PD11.GPIO_Label=AUDIO_SD_N_R
RCC.HCLKFreq_Value=32000000
Mcu.IPNb=8
ProjectManager.PreviousToolchain=
Mcu.Pin6=PC1
Mcu.Pin7=PC2
Mcu.Pin8=PC3
Mcu.Pin9=PA1
RCC.AHBFreq_Value=32000000
Mcu.Pin0=PE4
Mcu.Pin1=PE5
GPIO.groupedBy=Group By Peripherals
Mcu.Pin2=PC13
Mcu.Pin3=PC14-OSC32_IN
Mcu.Pin4=PH10
PD10.GPIOParameters=GPIO_Label
Mcu.Pin5=PC0
RCC.HSE_VALUE=8000000
NVIC.SysTick_IRQn=true\:0\:0\:false\:false\:true\:false\:true
RCC.PLLMUL=RCC_PLLMUL_4
PE13.Signal=SPI1_SCK
Dma.TIM2_CH4.2.MemInc=DMA_MINC_ENABLE
PA14.Mode=Serial_Wire
PE8.Locked=true
Dma.TIM2_CH1.0.RequestParameters=Instance,Direction,PeriphInc,MemInc,PeriphDataAlignment,MemDataAlignment,Mode,Priority
Dma.SPI1_RX.3.Direction=DMA_PERIPH_TO_MEMORY
File.Version=6
PA10.GPIO_Label=TOUCH_STAR_18
Dma.TIM2_CH4.2.Direction=DMA_MEMORY_TO_PERIPH
PB7.Signal=GPIO_Input
SH.S_TIM2_CH1.ConfNb=1
TIM2.Channel-PWM\ Generation1\ CH1=TIM_CHANNEL_1
PE4.Signal=GPIO_Input
Dma.RequestsNb=6
PB6.GPIOParameters=GPIO_Label
PB0.Locked=true
PC14-OSC32_IN.GPIOParameters=GPIO_Label
ProjectManager.ProjectName=SpaceCenter
PB7.GPIO_Label=TOUCH_STAR_23
Dma.TIM2_CH3.1.Priority=DMA_PRIORITY_LOW
PA6.Signal=GPIO_Input
PA7.Locked=true
ProjectManager.ToolChainLocation=
PA2.GPIO_Label=TOUCH_STAR_4
RCC.LSI_VALUE=37000
PA15.Signal=GPIO_Output
Dma.Request2=TIM2_CH4
Dma.Request1=TIM2_CH3
Dma.Request4=SPI2_TX
Dma.Request3=SPI1_RX
Dma.Request5=SPI1_TX
PC14-OSC32_IN.GPIO_Label=BUTTON_LED_R
PE7.Signal=GPIO_Input
Dma.Request0=TIM2_CH1
SPI1.BaudRatePrescaler=SPI_BAUDRATEPRESCALER_8
PC2.GPIO_Label=TOUCH_STAR_1
Dma.TIM2_CH1.0.Direction=DMA_MEMORY_TO_PERIPH
PC14-OSC32_IN.Locked=true
PB4.Signal=GPIO_Input
PA3.Signal=GPIO_Input
PA2.Locked=true
Dma.SPI1_TX.5.MemInc=DMA_MINC_ENABLE
RCC.MSI_VALUE=2097000
PE8.GPIOParameters=GPIO_Label
TIM2.Channel-PWM\ Generation4\ CH4=TIM_CHANNEL_4
SH.S_TIM2_CH1.0=TIM2_CH1,PWM Generation1 CH1
PD15.GPIO_Label=MODE_SW
I2S2.Instance=SPI$Index
PE14.GPIOParameters=GPIO_Label
PC9.GPIO_Label=TOUCH_STAR_17
ProjectManager.NoMain=false
SPI1.IPParameters=VirtualType,Mode,Direction,CalculateBaudRate,BaudRatePrescaler
PC8.Signal=GPIO_Input
ProjectManager.DefaultFWLocation=true
PE14.GPIO_Label=SD_SPI1_MISO
PB12.Locked=true
ProjectManager.DeletePrevious=true
VP_RNG_VS_RNG.Mode=RNG_Activate
RCC.TimerFreq_Value=32000000
PA12.GPIO_Label=TOUCH_STAR_20
RCC.FamilyName=M
PE9.GPIOParameters=GPIO_Label
PE15.GPIOParameters=GPIO_Label
PC8.GPIO_Label=TOUCH_STAR_16
PA13.Signal=SYS_SWDIO
Dma.TIM2_CH3.1.Mode=DMA_NORMAL
PE15.GPIO_Label=SD_SPI1_MOSI
Dma.SPI2_TX.4.Instance=DMA1_Channel7
ProjectManager.TargetToolchain=STM32CubeIDE
PE7.GPIOParameters=GPIO_Label
PB7.GPIOParameters=GPIO_Label
VP_RNG_VS_RNG.Signal=RNG_VS_RNG
PB2.GPIOParameters=GPIO_Label
PE4.Locked=true
PC2.Locked=true
ProjectManager.RegisterCallBack=
TIM2.OCFastMode_PWM-PWM\ Generation3\ CH3=TIM_OCFAST_ENABLE
PD10.GPIO_Label=AUDIO_SD_N_L
PE11.Signal=S_TIM2_CH3
RCC.LSE_VALUE=32768
PA1.Signal=GPIO_Input
PB1.Locked=true
board=custom
RCC.VCOOutputFreq_Value=64000000
PB15.Mode=Half_Duplex_Master
PD11.GPIOParameters=GPIO_Label,GPIO_ModeDefaultOutputPP
RCC.APB2Freq_Value=32000000
Dma.TIM2_CH1.0.Priority=DMA_PRIORITY_LOW
MxCube.Version=6.2.1
NVIC.DMA1_Channel4_5_6_7_IRQn=true\:0\:0\:false\:false\:true\:false\:true
VP_TIM2_VS_ClockSourceINT.Mode=Internal
SH.S_TIM2_CH3.0=TIM2_CH3,PWM Generation3 CH3
PC13.GPIOParameters=GPIO_Label
PE14.Mode=Full_Duplex_Master
PB15.GPIO_Speed=GPIO_SPEED_FREQ_HIGH
PC1.GPIO_Label=TOUCH_STAR_0
PA10.GPIOParameters=GPIO_Label
VP_SYS_VS_Systick.Mode=SysTick
TIM2.Channel-PWM\ Generation3\ CH3=TIM_CHANNEL_3
PE5.Locked=true
PB15.GPIOParameters=GPIO_Speed,GPIO_Label
RCC.IPParameters=48CLKFreq_Value,48RNGFreq_Value,48USBFreq_Value,AHBFreq_Value,APB1Freq_Value,APB1TimFreq_Value,APB2Freq_Value,APB2TimFreq_Value,FCLKCortexFreq_Value,FamilyName,HCLKFreq_Value,HSE_VALUE,HSI16_VALUE,HSI48_VALUE,HSI_VALUE,I2C1Freq_Value,I2C3Freq_Value,LPTIMFreq_Value,LPUARTFreq_Value,LSE_VALUE,LSI_VALUE,MCOPinFreq_Value,MSI_VALUE,PLLCLKFreq_Value,PLLMUL,PWRFreq_Value,RTCFreq_Value,RTCHSEDivFreq_Value,SYSCLKFreq_VALUE,SYSCLKSource,TIMFreq_Value,TimerFreq_Value,USART1Freq_Value,USART2Freq_Value,VCOOutputFreq_Value,WatchDogFreq_Value
ProjectManager.AskForMigrate=true
Mcu.Name=STM32L072V(B-Z)Tx
Dma.TIM2_CH3.1.PeriphInc=DMA_PINC_DISABLE
PE7.GPIO_Label=SD_DET_A
PD0.Mode=Half_Duplex_Master
PE12.Signal=S_TIM2_CH4
PA2.Signal=GPIO_Input
PB2.Locked=true
Mcu.IP6=SYS
Mcu.IP7=TIM2
ProjectManager.CoupleFile=false
RCC.SYSCLKFreq_VALUE=32000000
Dma.TIM2_CH1.0.Mode=DMA_NORMAL
PA7.GPIO_Label=TOUCH_STAR_8
PA1.Locked=true
I2S2.ErrorAudioFreq=-1.18 %
KeepUserPlacement=false
Dma.TIM2_CH3.1.PeriphDataAlignment=DMA_PDATAALIGN_WORD
Dma.SPI1_RX.3.PeriphDataAlignment=DMA_PDATAALIGN_BYTE
PA14.Signal=SYS_SWCLK
PB2.GPIO_Label=TOUCH_STAR_11
SH.S_TIM2_CH4.0=TIM2_CH4,PWM Generation4 CH4
RCC.HSI_VALUE=16000000
PB7.Locked=true
PC8.Locked=true
RCC.48RNGFreq_Value=32000000
PC9.Signal=GPIO_Input
RCC.APB1Freq_Value=32000000
I2S2.RealAudioFreq=43.478 KHz
ProjectManager.DeviceId=STM32L072VBTx
PB12.Signal=GPIO_Input
ProjectManager.LibraryCopy=1
PA3.GPIO_Label=TOUCH_STAR_5
PB1.GPIOParameters=GPIO_Label
PA7.Signal=GPIO_Input
PA6.Locked=true
isbadioc=false
