#MicroXplorer Configuration settings - do not modify
Mcu.Family=STM32F0
ProjectManager.MainLocation=Core/Src
Dma.TIM2_CH1.0.MemInc=DMA_MINC_ENABLE
RCC.I2SFreq_Value=48000000
RCC.MCOFreq_Value=48000000
RCC.USART1Freq_Value=48000000
ProjectManager.ProjectFileName=SpaceCenter_NucleoTest_CPP.ioc
TOUCHSENSING.IO_TOUCHKEY1-TouchSensing_Enabled=G1_IO2
USART2.IPParameters=VirtualMode-Asynchronous
TIM2.OCFastMode_PWM-PWM\ Generation1\ CH1=TIM_OCFAST_ENABLE
ProjectManager.KeepUserCode=true
Mcu.UserName=STM32F042K6Tx
PA15.GPIOParameters=GPIO_Label
Mcu.PinsNb=13
ProjectManager.NoMain=false
RCC.PLLCLKFreq_Value=16000000
PA14.GPIO_Label=SWCLK
PA0.GPIO_Label=TSC_SAMPLING
ProjectManager.functionlistsort=1-MX_GPIO_Init-GPIO-false-HAL-true,2-MX_DMA_Init-DMA-false-HAL-true,3-SystemClock_Config-RCC-false-HAL-false,4-MX_USART2_UART_Init-USART2-false-HAL-true,5-MX_TSC_Init-TSC-false-HAL-true,6-MX_TOUCHSENSING_Init-TOUCHSENSING-false-HAL-false,7-MX_TIM2_Init-TIM2-false-HAL-true
PA3.GPIOParameters=GPIO_Label
ProjectManager.DefaultFWLocation=true
PB0.GPIO_Label=NEO_PIXEL
Dma.TIM2_CH1.0.Instance=DMA1_Channel5
NVIC.SVC_IRQn=true\:0\:0\:false\:false\:true\:false\:false
ProjectManager.DeletePrevious=true
TOUCHSENSING.TSLPRM_TKEY_CALIB_TH=15
boardIOC=true
PA2.GPIOParameters=GPIO_Label
SH.S_TIM2_CH1_ETR.ConfNb=1
PinOutPanel.RotationAngle=0
RCC.FamilyName=M
RCC.SYSCLKSource=RCC_SYSCLKSOURCE_HSI48
ProjectManager.StackSize=0x400
PB0.GPIO_Speed=GPIO_SPEED_FREQ_HIGH
PA13.Signal=SYS_SWDIO
Mcu.IP4=TIM2
RCC.FCLKCortexFreq_Value=48000000
Mcu.IP5=TOUCHSENSING
Mcu.IP2=RCC
Mcu.IP3=SYS
PA15.GPIO_Label=VCP_RX
Mcu.IP0=DMA
PA15.Locked=true
Mcu.IP1=NVIC
TOUCHSENSING.TSLPRM_TKEY_DETECT_IN_TH=30
Mcu.UserConstants=
ProjectManager.TargetToolchain=STM32CubeIDE
Mcu.ThirdPartyNb=0
RCC.HCLKFreq_Value=48000000
Mcu.IPNb=8
TIM2.IPParameters=Channel-PWM Generation1 CH1,OCFastMode_PWM-PWM Generation1 CH1,Period
ProjectManager.PreviousToolchain=
Mcu.Pin6=PB0
Mcu.Pin7=PA13
VP_TIM2_VS_ClockSourceINT.Signal=TIM2_VS_ClockSourceINT
ProjectManager.RegisterCallBack=
Mcu.Pin8=PA14
Mcu.Pin9=PA15
TOUCHSENSING.TSLPRM_TOTAL_TOUCHKEYS_B=1
PA1.Signal=TSC_G1_IO2
RCC.AHBFreq_Value=48000000
Mcu.Pin0=PF0-OSC_IN
Mcu.Pin1=PA0
PF0-OSC_IN.Mode=HSE-External-Clock-Source
Mcu.Pin2=PA1
Mcu.Pin3=PA2
Mcu.Pin4=PA3
Mcu.Pin5=PA5
PA5.Signal=S_TIM2_CH1_ETR
ProjectManager.ProjectBuild=false
VP_TOUCHSENSING_VS_TOUCHSENSING.Mode=TouchSensing_Enabled
TOUCHSENSING.TSLPRM_TOTAL_TOUCHKEYS=0
PF0-OSC_IN.GPIO_Label=MCO
TOUCHSENSING.TSLPRM_USE_PROX=0
board=NUCLEO-F042K6
USART2.VirtualMode-Asynchronous=VM_ASYNC
PA15.Mode=Asynchronous
NVIC.SysTick_IRQn=true\:0\:0\:false\:false\:true\:true\:true
ProjectManager.LastFirmware=true
NVIC.DMA1_Channel4_5_IRQn=true\:0\:0\:false\:false\:true\:false\:true
RCC.VCOOutput2Freq_Value=8000000
ProjectManager.FirmwarePackage=STM32Cube FW_F0 V1.11.0
MxDb.Version=DB.6.0.0
PB0.GPIOParameters=GPIO_Speed,GPIO_Label
PA1.Mode=G1_IO2-Channel
PA1.GPIOParameters=GPIO_Label
ProjectManager.BackupPrevious=false
Dma.TIM2_CH1.0.Priority=DMA_PRIORITY_LOW
MxCube.Version=6.0.0
VP_TIM2_VS_ClockSourceINT.Mode=Internal
PA14.Mode=Serial_Wire
PF0-OSC_IN.Locked=true
TOUCHSENSING.TSLPRM_TKEY_PROX_OUT_TH=5
Dma.TIM2_CH1.0.RequestParameters=Instance,Direction,PeriphInc,MemInc,PeriphDataAlignment,MemDataAlignment,Mode,Priority
TOUCHSENSING.TSLPRM_SENSORS_DATAS=TSLPRM_TOTAL_TOUCHKEYS_B 1 1 
File.Version=6
PA0.Mode=G1_IO1-Sampling
PA1.GPIO_Label=TSC_TOUCH
VP_SYS_VS_Systick.Mode=SysTick
TSC.IPParameters=SamplingIOs-G1_IO1,ChannelIOs-G1_IO2
NVIC.NonMaskableInt_IRQn=true\:0\:0\:false\:false\:true\:false\:false
TIM2.Channel-PWM\ Generation1\ CH1=TIM_CHANNEL_1
VP_TOUCHSENSING_VS_TOUCHSENSING.Signal=TOUCHSENSING_VS_TOUCHSENSING
NVIC.PendSV_IRQn=true\:0\:0\:false\:false\:true\:false\:false
TIM2.Period=59
PA13.Mode=Serial_Wire
ProjectManager.FreePins=false
RCC.IPParameters=AHBFreq_Value,APB1Freq_Value,APB1TimFreq_Value,CECFreq_Value,FCLKCortexFreq_Value,FamilyName,HCLKFreq_Value,HSICECFreq_Value,I2SFreq_Value,MCOFreq_Value,PLLCLKFreq_Value,PLLMCOFreq_Value,SYSCLKFreq_VALUE,SYSCLKSource,TimSysFreq_Value,USART1Freq_Value,VCOOutput2Freq_Value
ProjectManager.AskForMigrate=true
Mcu.Name=STM32F042K(4-6)Tx
Dma.RequestsNb=1
ProjectManager.HalAssertFull=false
PB0.Locked=true
PA2.Signal=USART2_TX
PA13.GPIO_Label=SWDIO
ProjectManager.ProjectName=SpaceCenter_NucleoTest_CPP
ProjectManager.UnderRoot=true
PA0.Signal=TSC_G1_IO1
RCC.HSICECFreq_Value=32786.88524590164
PA13.GPIOParameters=GPIO_Label
Mcu.IP6=TSC
RCC.PLLMCOFreq_Value=16000000
Mcu.IP7=USART2
ProjectManager.CoupleFile=false
RCC.SYSCLKFreq_VALUE=48000000
Mcu.Package=LQFP32
Dma.TIM2_CH1.0.Mode=DMA_CIRCULAR
TOUCHSENSING.TSLPRM_TKEY_PROX_IN_TH=10
RCC.TimSysFreq_Value=48000000
PA3.Locked=true
TOUCHSENSING.IO_TOUCHKEY_B1=G1_IO2
NVIC.ForceEnableDMAVector=true
TSC.ChannelIOs-G1_IO2=TSC_GROUP1_IO2
KeepUserPlacement=false
PA14.GPIOParameters=GPIO_Label
PA13.Locked=true
PA14.Locked=true
ProjectManager.CompilerOptimize=6
ProjectManager.ToolChainLocation=
PA2.GPIO_Label=VCP_TX
VP_SYS_VS_Systick.Signal=SYS_VS_Systick
Dma.TIM2_CH1.0.MemDataAlignment=DMA_MDATAALIGN_BYTE
SH.S_TIM2_CH1_ETR.0=TIM2_CH1,PWM Generation1 CH1
PA14.Signal=SYS_SWCLK
PA15.Signal=USART2_RX
ProjectManager.HeapSize=0x200
PA0.GPIOParameters=GPIO_Label
NVIC.HardFault_IRQn=true\:0\:0\:false\:false\:true\:false\:false
TOUCHSENSING.IPParameters=TSLPRM_TOTAL_TOUCHKEYS,IO_TOUCHKEY1-TouchSensing_Enabled,TSLPRM_TOTAL_TOUCHKEYS_B,IO_TOUCHKEY_B1,TSLPRM_SENSORS_DATAS,TSLPRM_TKEY_PROX_IN_TH,TSLPRM_TKEY_PROX_OUT_TH,TSLPRM_TKEY_DETECT_IN_TH,TSLPRM_TKEY_DETECT_OUT_TH,TSLPRM_TKEY_CALIB_TH,TSLPRM_USE_PROX
ProjectManager.ComputerToolchain=false
Dma.TIM2_CH1.0.PeriphDataAlignment=DMA_PDATAALIGN_WORD
Mcu.Pin11=VP_TIM2_VS_ClockSourceINT
Mcu.Pin12=VP_TOUCHSENSING_VS_TOUCHSENSING
Mcu.Pin10=VP_SYS_VS_Systick
RCC.CECFreq_Value=32786.88524590164
RCC.APB1TimFreq_Value=48000000
PA2.Mode=Asynchronous
PF0-OSC_IN.Signal=RCC_OSC_IN
PF0-OSC_IN.GPIOParameters=GPIO_Label
Dma.Request0=TIM2_CH1
RCC.APB1Freq_Value=48000000
TOUCHSENSING.TSLPRM_TKEY_DETECT_OUT_TH=25
PB0.Signal=GPIO_Output
Dma.TIM2_CH1.0.Direction=DMA_MEMORY_TO_PERIPH
Dma.TIM2_CH1.0.PeriphInc=DMA_PINC_DISABLE
ProjectManager.CustomerFirmwarePackage=
TSC.SamplingIOs-G1_IO1=TSC_GROUP1_IO1
ProjectManager.DeviceId=STM32F042K6Tx
ProjectManager.LibraryCopy=1
PA3.GPIO_Label=LED
PA3.Signal=GPIO_Output
PA2.Locked=true
